// !$*UTF8*$!
{
	archiveVersion = 1;
	classes = {
	};
	objectVersion = 56;
	objects = {

/* Begin PBXBuildFile section */
		48B60DD82A7A51E2002235BD /* LookViewController.swift in Sources */ = {isa = PBXBuildFile; fileRef = 48B60DD72A7A51E2002235BD /* LookViewController.swift */; };
		48B60DDB2A7A548C002235BD /* RecentCollectionViewCell.swift in Sources */ = {isa = PBXBuildFile; fileRef = 48B60DD92A7A548C002235BD /* RecentCollectionViewCell.swift */; };
		48B60DDC2A7A548C002235BD /* RecentCollectionViewCell.xib in Resources */ = {isa = PBXBuildFile; fileRef = 48B60DDA2A7A548C002235BD /* RecentCollectionViewCell.xib */; };
		48B60DDE2A7A5E2D002235BD /* recentHeaderCollectionReusableView.swift in Sources */ = {isa = PBXBuildFile; fileRef = 48B60DDD2A7A5E2D002235BD /* recentHeaderCollectionReusableView.swift */; };
		48B60DE12A7A6755002235BD /* PopularTableViewCell.swift in Sources */ = {isa = PBXBuildFile; fileRef = 48B60DDF2A7A6755002235BD /* PopularTableViewCell.swift */; };
		48B60DE22A7A6755002235BD /* PopularTableViewCell.xib in Resources */ = {isa = PBXBuildFile; fileRef = 48B60DE02A7A6755002235BD /* PopularTableViewCell.xib */; };
		48B60DE82A7A923C002235BD /* RecentTableViewCell.swift in Sources */ = {isa = PBXBuildFile; fileRef = 48B60DE72A7A923C002235BD /* RecentTableViewCell.swift */; };
		48DBF0052A77D713008454E4 /* AppDelegate.swift in Sources */ = {isa = PBXBuildFile; fileRef = 48DBF0042A77D713008454E4 /* AppDelegate.swift */; };
		48DBF0072A77D713008454E4 /* SceneDelegate.swift in Sources */ = {isa = PBXBuildFile; fileRef = 48DBF0062A77D713008454E4 /* SceneDelegate.swift */; };
		48DBF0092A77D713008454E4 /* ViewController.swift in Sources */ = {isa = PBXBuildFile; fileRef = 48DBF0082A77D713008454E4 /* ViewController.swift */; };
		48DBF00C2A77D713008454E4 /* Main.storyboard in Resources */ = {isa = PBXBuildFile; fileRef = 48DBF00A2A77D713008454E4 /* Main.storyboard */; };
		48DBF00E2A77D718008454E4 /* Assets.xcassets in Resources */ = {isa = PBXBuildFile; fileRef = 48DBF00D2A77D718008454E4 /* Assets.xcassets */; };
		48DBF0112A77D718008454E4 /* LaunchScreen.storyboard in Resources */ = {isa = PBXBuildFile; fileRef = 48DBF00F2A77D718008454E4 /* LaunchScreen.storyboard */; };
		48DBF0192A77D879008454E4 /* MovieInfo.swift in Sources */ = {isa = PBXBuildFile; fileRef = 48DBF0182A77D879008454E4 /* MovieInfo.swift */; };
		48DBF01B2A77D8AF008454E4 /* Movie.swift in Sources */ = {isa = PBXBuildFile; fileRef = 48DBF01A2A77D8AF008454E4 /* Movie.swift */; };
		48DBF01D2A77E539008454E4 /* MovieCollectionViewController.swift in Sources */ = {isa = PBXBuildFile; fileRef = 48DBF01C2A77E539008454E4 /* MovieCollectionViewController.swift */; };
		48DBF0202A77E58C008454E4 /* MovieCollectionViewCell.swift in Sources */ = {isa = PBXBuildFile; fileRef = 48DBF01E2A77E58C008454E4 /* MovieCollectionViewCell.swift */; };
		48DBF0212A77E58C008454E4 /* MovieCollectionViewCell.xib in Resources */ = {isa = PBXBuildFile; fileRef = 48DBF01F2A77E58C008454E4 /* MovieCollectionViewCell.xib */; };
		48DBF0232A77F015008454E4 /* DetailViewController.swift in Sources */ = {isa = PBXBuildFile; fileRef = 48DBF0222A77F015008454E4 /* DetailViewController.swift */; };
		48DBF0252A77F434008454E4 /* SearchViewController.swift in Sources */ = {isa = PBXBuildFile; fileRef = 48DBF0242A77F434008454E4 /* SearchViewController.swift */; };
		48DBF0272A77FBDD008454E4 /* Extension.swift in Sources */ = {isa = PBXBuildFile; fileRef = 48DBF0262A77FBDD008454E4 /* Extension.swift */; };
/* End PBXBuildFile section */

/* Begin PBXFileReference section */
		48B60DD72A7A51E2002235BD /* LookViewController.swift */ = {isa = PBXFileReference; lastKnownFileType = sourcecode.swift; path = LookViewController.swift; sourceTree = SOURCE_ROOT; };
		48B60DD92A7A548C002235BD /* RecentCollectionViewCell.swift */ = {isa = PBXFileReference; lastKnownFileType = sourcecode.swift; path = RecentCollectionViewCell.swift; sourceTree = SOURCE_ROOT; };
		48B60DDA2A7A548C002235BD /* RecentCollectionViewCell.xib */ = {isa = PBXFileReference; lastKnownFileType = file.xib; path = RecentCollectionViewCell.xib; sourceTree = SOURCE_ROOT; };
		48B60DDD2A7A5E2D002235BD /* recentHeaderCollectionReusableView.swift */ = {isa = PBXFileReference; lastKnownFileType = sourcecode.swift; path = recentHeaderCollectionReusableView.swift; sourceTree = SOURCE_ROOT; };
		48B60DDF2A7A6755002235BD /* PopularTableViewCell.swift */ = {isa = PBXFileReference; lastKnownFileType = sourcecode.swift; path = PopularTableViewCell.swift; sourceTree = SOURCE_ROOT; };
		48B60DE02A7A6755002235BD /* PopularTableViewCell.xib */ = {isa = PBXFileReference; lastKnownFileType = file.xib; path = PopularTableViewCell.xib; sourceTree = SOURCE_ROOT; };
		48B60DE72A7A923C002235BD /* RecentTableViewCell.swift */ = {isa = PBXFileReference; lastKnownFileType = sourcecode.swift; path = RecentTableViewCell.swift; sourceTree = "<group>"; };
		48DBF0012A77D713008454E4 /* Bookworm.app */ = {isa = PBXFileReference; explicitFileType = wrapper.application; includeInIndex = 0; path = Bookworm.app; sourceTree = BUILT_PRODUCTS_DIR; };
		48DBF0042A77D713008454E4 /* AppDelegate.swift */ = {isa = PBXFileReference; lastKnownFileType = sourcecode.swift; path = AppDelegate.swift; sourceTree = "<group>"; };
		48DBF0062A77D713008454E4 /* SceneDelegate.swift */ = {isa = PBXFileReference; lastKnownFileType = sourcecode.swift; path = SceneDelegate.swift; sourceTree = "<group>"; };
		48DBF0082A77D713008454E4 /* ViewController.swift */ = {isa = PBXFileReference; lastKnownFileType = sourcecode.swift; path = ViewController.swift; sourceTree = "<group>"; };
		48DBF00B2A77D713008454E4 /* Base */ = {isa = PBXFileReference; lastKnownFileType = file.storyboard; name = Base; path = Base.lproj/Main.storyboard; sourceTree = "<group>"; };
		48DBF00D2A77D718008454E4 /* Assets.xcassets */ = {isa = PBXFileReference; lastKnownFileType = folder.assetcatalog; path = Assets.xcassets; sourceTree = "<group>"; };
		48DBF0102A77D718008454E4 /* Base */ = {isa = PBXFileReference; lastKnownFileType = file.storyboard; name = Base; path = Base.lproj/LaunchScreen.storyboard; sourceTree = "<group>"; };
		48DBF0122A77D718008454E4 /* Info.plist */ = {isa = PBXFileReference; lastKnownFileType = text.plist.xml; path = Info.plist; sourceTree = "<group>"; };
		48DBF0182A77D879008454E4 /* MovieInfo.swift */ = {isa = PBXFileReference; lastKnownFileType = sourcecode.swift; path = MovieInfo.swift; sourceTree = "<group>"; };
		48DBF01A2A77D8AF008454E4 /* Movie.swift */ = {isa = PBXFileReference; lastKnownFileType = sourcecode.swift; path = Movie.swift; sourceTree = "<group>"; };
		48DBF01C2A77E539008454E4 /* MovieCollectionViewController.swift */ = {isa = PBXFileReference; lastKnownFileType = sourcecode.swift; path = MovieCollectionViewController.swift; sourceTree = "<group>"; };
		48DBF01E2A77E58C008454E4 /* MovieCollectionViewCell.swift */ = {isa = PBXFileReference; lastKnownFileType = sourcecode.swift; path = MovieCollectionViewCell.swift; sourceTree = "<group>"; };
		48DBF01F2A77E58C008454E4 /* MovieCollectionViewCell.xib */ = {isa = PBXFileReference; lastKnownFileType = file.xib; path = MovieCollectionViewCell.xib; sourceTree = "<group>"; };
		48DBF0222A77F015008454E4 /* DetailViewController.swift */ = {isa = PBXFileReference; lastKnownFileType = sourcecode.swift; path = DetailViewController.swift; sourceTree = SOURCE_ROOT; };
		48DBF0242A77F434008454E4 /* SearchViewController.swift */ = {isa = PBXFileReference; lastKnownFileType = sourcecode.swift; path = SearchViewController.swift; sourceTree = SOURCE_ROOT; };
		48DBF0262A77FBDD008454E4 /* Extension.swift */ = {isa = PBXFileReference; lastKnownFileType = sourcecode.swift; path = Extension.swift; sourceTree = "<group>"; };
/* End PBXFileReference section */

/* Begin PBXFrameworksBuildPhase section */
		48DBEFFE2A77D713008454E4 /* Frameworks */ = {
			isa = PBXFrameworksBuildPhase;
			buildActionMask = 2147483647;
			files = (
			);
			runOnlyForDeploymentPostprocessing = 0;
		};
/* End PBXFrameworksBuildPhase section */

/* Begin PBXGroup section */
		48DBEFF82A77D713008454E4 = {
			isa = PBXGroup;
			children = (
				48DBF0032A77D713008454E4 /* Bookworm */,
				48DBF0022A77D713008454E4 /* Products */,
			);
			sourceTree = "<group>";
		};
		48DBF0022A77D713008454E4 /* Products */ = {
			isa = PBXGroup;
			children = (
				48DBF0012A77D713008454E4 /* Bookworm.app */,
			);
			name = Products;
			sourceTree = "<group>";
		};
		48DBF0032A77D713008454E4 /* Bookworm */ = {
			isa = PBXGroup;
			children = (
				48B60DDF2A7A6755002235BD /* PopularTableViewCell.swift */,
				48B60DE02A7A6755002235BD /* PopularTableViewCell.xib */,
				48B60DDD2A7A5E2D002235BD /* recentHeaderCollectionReusableView.swift */,
				48B60DD92A7A548C002235BD /* RecentCollectionViewCell.swift */,
				48B60DDA2A7A548C002235BD /* RecentCollectionViewCell.xib */,
				48B60DD72A7A51E2002235BD /* LookViewController.swift */,
				48DBF0242A77F434008454E4 /* SearchViewController.swift */,
				48DBF0222A77F015008454E4 /* DetailViewController.swift */,
				48DBF0042A77D713008454E4 /* AppDelegate.swift */,
				48DBF0262A77FBDD008454E4 /* Extension.swift */,
				48DBF0062A77D713008454E4 /* SceneDelegate.swift */,
				48DBF0082A77D713008454E4 /* ViewController.swift */,
				48DBF00A2A77D713008454E4 /* Main.storyboard */,
				48B60DE72A7A923C002235BD /* RecentTableViewCell.swift */,
				48DBF01E2A77E58C008454E4 /* MovieCollectionViewCell.swift */,
				48DBF01F2A77E58C008454E4 /* MovieCollectionViewCell.xib */,
				48DBF01C2A77E539008454E4 /* MovieCollectionViewController.swift */,
				48DBF0182A77D879008454E4 /* MovieInfo.swift */,
				48DBF01A2A77D8AF008454E4 /* Movie.swift */,
				48DBF00D2A77D718008454E4 /* Assets.xcassets */,
				48DBF00F2A77D718008454E4 /* LaunchScreen.storyboard */,
				48DBF0122A77D718008454E4 /* Info.plist */,
			);
			path = Bookworm;
			sourceTree = "<group>";
		};
/* End PBXGroup section */

/* Begin PBXNativeTarget section */
		48DBF0002A77D713008454E4 /* Bookworm */ = {
			isa = PBXNativeTarget;
			buildConfigurationList = 48DBF0152A77D718008454E4 /* Build configuration list for PBXNativeTarget "Bookworm" */;
			buildPhases = (
				48DBEFFD2A77D713008454E4 /* Sources */,
				48DBEFFE2A77D713008454E4 /* Frameworks */,
				48DBEFFF2A77D713008454E4 /* Resources */,
			);
			buildRules = (
			);
			dependencies = (
			);
			name = Bookworm;
			productName = Bookworm;
			productReference = 48DBF0012A77D713008454E4 /* Bookworm.app */;
			productType = "com.apple.product-type.application";
		};
/* End PBXNativeTarget section */

/* Begin PBXProject section */
		48DBEFF92A77D713008454E4 /* Project object */ = {
			isa = PBXProject;
			attributes = {
				BuildIndependentTargetsInParallel = 1;
				LastSwiftUpdateCheck = 1420;
				LastUpgradeCheck = 1420;
				TargetAttributes = {
					48DBF0002A77D713008454E4 = {
						CreatedOnToolsVersion = 14.2;
					};
				};
			};
			buildConfigurationList = 48DBEFFC2A77D713008454E4 /* Build configuration list for PBXProject "Bookworm" */;
			compatibilityVersion = "Xcode 14.0";
			developmentRegion = en;
			hasScannedForEncodings = 0;
			knownRegions = (
				en,
				Base,
			);
			mainGroup = 48DBEFF82A77D713008454E4;
			productRefGroup = 48DBF0022A77D713008454E4 /* Products */;
			projectDirPath = "";
			projectRoot = "";
			targets = (
				48DBF0002A77D713008454E4 /* Bookworm */,
			);
		};
/* End PBXProject section */

/* Begin PBXResourcesBuildPhase section */
		48DBEFFF2A77D713008454E4 /* Resources */ = {
			isa = PBXResourcesBuildPhase;
			buildActionMask = 2147483647;
			files = (
				48B60DDC2A7A548C002235BD /* RecentCollectionViewCell.xib in Resources */,
				48DBF0112A77D718008454E4 /* LaunchScreen.storyboard in Resources */,
				48DBF00E2A77D718008454E4 /* Assets.xcassets in Resources */,
				48DBF00C2A77D713008454E4 /* Main.storyboard in Resources */,
				48DBF0212A77E58C008454E4 /* MovieCollectionViewCell.xib in Resources */,
				48B60DE22A7A6755002235BD /* PopularTableViewCell.xib in Resources */,
			);
			runOnlyForDeploymentPostprocessing = 0;
		};
/* End PBXResourcesBuildPhase section */

/* Begin PBXSourcesBuildPhase section */
		48DBEFFD2A77D713008454E4 /* Sources */ = {
			isa = PBXSourcesBuildPhase;
			buildActionMask = 2147483647;
			files = (
				48DBF0092A77D713008454E4 /* ViewController.swift in Sources */,
				48B60DE82A7A923C002235BD /* RecentTableViewCell.swift in Sources */,
				48DBF0052A77D713008454E4 /* AppDelegate.swift in Sources */,
				48DBF0192A77D879008454E4 /* MovieInfo.swift in Sources */,
				48DBF0252A77F434008454E4 /* SearchViewController.swift in Sources */,
				48DBF0072A77D713008454E4 /* SceneDelegate.swift in Sources */,
				48DBF0272A77FBDD008454E4 /* Extension.swift in Sources */,
				48B60DD82A7A51E2002235BD /* LookViewController.swift in Sources */,
				48B60DDE2A7A5E2D002235BD /* recentHeaderCollectionReusableView.swift in Sources */,
				48DBF0202A77E58C008454E4 /* MovieCollectionViewCell.swift in Sources */,
				48DBF01B2A77D8AF008454E4 /* Movie.swift in Sources */,
				48B60DDB2A7A548C002235BD /* RecentCollectionViewCell.swift in Sources */,
				48B60DE12A7A6755002235BD /* PopularTableViewCell.swift in Sources */,
				48DBF01D2A77E539008454E4 /* MovieCollectionViewController.swift in Sources */,
				48DBF0232A77F015008454E4 /* DetailViewController.swift in Sources */,
			);
			runOnlyForDeploymentPostprocessing = 0;
		};
/* End PBXSourcesBuildPhase section */

/* Begin PBXVariantGroup section */
		48DBF00A2A77D713008454E4 /* Main.storyboard */ = {
			isa = PBXVariantGroup;
			children = (
				48DBF00B2A77D713008454E4 /* Base */,
			);
			name = Main.storyboard;
			sourceTree = "<group>";
		};
		48DBF00F2A77D718008454E4 /* LaunchScreen.storyboard */ = {
			isa = PBXVariantGroup;
			children = (
				48DBF0102A77D718008454E4 /* Base */,
			);
			name = LaunchScreen.storyboard;
			sourceTree = "<group>";
		};
/* End PBXVariantGroup section */

/* Begin XCBuildConfiguration section */
		48DBF0132A77D718008454E4 /* Debug */ = {
			isa = XCBuildConfiguration;
			buildSettings = {
				ALWAYS_SEARCH_USER_PATHS = NO;
				CLANG_ANALYZER_NONNULL = YES;
				CLANG_ANALYZER_NUMBER_OBJECT_CONVERSION = YES_AGGRESSIVE;
				CLANG_CXX_LANGUAGE_STANDARD = "gnu++20";
				CLANG_ENABLE_MODULES = YES;
				CLANG_ENABLE_OBJC_ARC = YES;
				CLANG_ENABLE_OBJC_WEAK = YES;
				CLANG_WARN_BLOCK_CAPTURE_AUTORELEASING = YES;
				CLANG_WARN_BOOL_CONVERSION = YES;
				CLANG_WARN_COMMA = YES;
				CLANG_WARN_CONSTANT_CONVERSION = YES;
				CLANG_WARN_DEPRECATED_OBJC_IMPLEMENTATIONS = YES;
				CLANG_WARN_DIRECT_OBJC_ISA_USAGE = YES_ERROR;
				CLANG_WARN_DOCUMENTATION_COMMENTS = YES;
				CLANG_WARN_EMPTY_BODY = YES;
				CLANG_WARN_ENUM_CONVERSION = YES;
				CLANG_WARN_INFINITE_RECURSION = YES;
				CLANG_WARN_INT_CONVERSION = YES;
				CLANG_WARN_NON_LITERAL_NULL_CONVERSION = YES;
				CLANG_WARN_OBJC_IMPLICIT_RETAIN_SELF = YES;
				CLANG_WARN_OBJC_LITERAL_CONVERSION = YES;
				CLANG_WARN_OBJC_ROOT_CLASS = YES_ERROR;
				CLANG_WARN_QUOTED_INCLUDE_IN_FRAMEWORK_HEADER = YES;
				CLANG_WARN_RANGE_LOOP_ANALYSIS = YES;
				CLANG_WARN_STRICT_PROTOTYPES = YES;
				CLANG_WARN_SUSPICIOUS_MOVE = YES;
				CLANG_WARN_UNGUARDED_AVAILABILITY = YES_AGGRESSIVE;
				CLANG_WARN_UNREACHABLE_CODE = YES;
				CLANG_WARN__DUPLICATE_METHOD_MATCH = YES;
				COPY_PHASE_STRIP = NO;
				DEBUG_INFORMATION_FORMAT = dwarf;
				ENABLE_STRICT_OBJC_MSGSEND = YES;
				ENABLE_TESTABILITY = YES;
				GCC_C_LANGUAGE_STANDARD = gnu11;
				GCC_DYNAMIC_NO_PIC = NO;
				GCC_NO_COMMON_BLOCKS = YES;
				GCC_OPTIMIZATION_LEVEL = 0;
				GCC_PREPROCESSOR_DEFINITIONS = (
					"DEBUG=1",
					"$(inherited)",
				);
				GCC_WARN_64_TO_32_BIT_CONVERSION = YES;
				GCC_WARN_ABOUT_RETURN_TYPE = YES_ERROR;
				GCC_WARN_UNDECLARED_SELECTOR = YES;
				GCC_WARN_UNINITIALIZED_AUTOS = YES_AGGRESSIVE;
				GCC_WARN_UNUSED_FUNCTION = YES;
				GCC_WARN_UNUSED_VARIABLE = YES;
				IPHONEOS_DEPLOYMENT_TARGET = 16.2;
				MTL_ENABLE_DEBUG_INFO = INCLUDE_SOURCE;
				MTL_FAST_MATH = YES;
				ONLY_ACTIVE_ARCH = YES;
				SDKROOT = iphoneos;
				SWIFT_ACTIVE_COMPILATION_CONDITIONS = DEBUG;
				SWIFT_OPTIMIZATION_LEVEL = "-Onone";
			};
			name = Debug;
		};
		48DBF0142A77D718008454E4 /* Release */ = {
			isa = XCBuildConfiguration;
			buildSettings = {
				ALWAYS_SEARCH_USER_PATHS = NO;
				CLANG_ANALYZER_NONNULL = YES;
				CLANG_ANALYZER_NUMBER_OBJECT_CONVERSION = YES_AGGRESSIVE;
				CLANG_CXX_LANGUAGE_STANDARD = "gnu++20";
				CLANG_ENABLE_MODULES = YES;
				CLANG_ENABLE_OBJC_ARC = YES;
				CLANG_ENABLE_OBJC_WEAK = YES;
				CLANG_WARN_BLOCK_CAPTURE_AUTORELEASING = YES;
				CLANG_WARN_BOOL_CONVERSION = YES;
				CLANG_WARN_COMMA = YES;
				CLANG_WARN_CONSTANT_CONVERSION = YES;
				CLANG_WARN_DEPRECATED_OBJC_IMPLEMENTATIONS = YES;
				CLANG_WARN_DIRECT_OBJC_ISA_USAGE = YES_ERROR;
				CLANG_WARN_DOCUMENTATION_COMMENTS = YES;
				CLANG_WARN_EMPTY_BODY = YES;
				CLANG_WARN_ENUM_CONVERSION = YES;
				CLANG_WARN_INFINITE_RECURSION = YES;
				CLANG_WARN_INT_CONVERSION = YES;
				CLANG_WARN_NON_LITERAL_NULL_CONVERSION = YES;
				CLANG_WARN_OBJC_IMPLICIT_RETAIN_SELF = YES;
				CLANG_WARN_OBJC_LITERAL_CONVERSION = YES;
				CLANG_WARN_OBJC_ROOT_CLASS = YES_ERROR;
				CLANG_WARN_QUOTED_INCLUDE_IN_FRAMEWORK_HEADER = YES;
				CLANG_WARN_RANGE_LOOP_ANALYSIS = YES;
				CLANG_WARN_STRICT_PROTOTYPES = YES;
				CLANG_WARN_SUSPICIOUS_MOVE = YES;
				CLANG_WARN_UNGUARDED_AVAILABILITY = YES_AGGRESSIVE;
				CLANG_WARN_UNREACHABLE_CODE = YES;
				CLANG_WARN__DUPLICATE_METHOD_MATCH = YES;
				COPY_PHASE_STRIP = NO;
				DEBUG_INFORMATION_FORMAT = "dwarf-with-dsym";
				ENABLE_NS_ASSERTIONS = NO;
				ENABLE_STRICT_OBJC_MSGSEND = YES;
				GCC_C_LANGUAGE_STANDARD = gnu11;
				GCC_NO_COMMON_BLOCKS = YES;
				GCC_WARN_64_TO_32_BIT_CONVERSION = YES;
				GCC_WARN_ABOUT_RETURN_TYPE = YES_ERROR;
				GCC_WARN_UNDECLARED_SELECTOR = YES;
				GCC_WARN_UNINITIALIZED_AUTOS = YES_AGGRESSIVE;
				GCC_WARN_UNUSED_FUNCTION = YES;
				GCC_WARN_UNUSED_VARIABLE = YES;
				IPHONEOS_DEPLOYMENT_TARGET = 16.2;
				MTL_ENABLE_DEBUG_INFO = NO;
				MTL_FAST_MATH = YES;
				SDKROOT = iphoneos;
				SWIFT_COMPILATION_MODE = wholemodule;
				SWIFT_OPTIMIZATION_LEVEL = "-O";
				VALIDATE_PRODUCT = YES;
			};
			name = Release;
		};
		48DBF0162A77D718008454E4 /* Debug */ = {
			isa = XCBuildConfiguration;
			buildSettings = {
				ASSETCATALOG_COMPILER_APPICON_NAME = AppIcon;
				ASSETCATALOG_COMPILER_GLOBAL_ACCENT_COLOR_NAME = AccentColor;
				CODE_SIGN_STYLE = Automatic;
				CURRENT_PROJECT_VERSION = 1;
				DEVELOPMENT_TEAM = A8NKCBCXX2;
				GENERATE_INFOPLIST_FILE = YES;
				INFOPLIST_FILE = Bookworm/Info.plist;
				INFOPLIST_KEY_UIApplicationSupportsIndirectInputEvents = YES;
				INFOPLIST_KEY_UILaunchStoryboardName = LaunchScreen;
				INFOPLIST_KEY_UIMainStoryboardFile = Main;
				INFOPLIST_KEY_UISupportedInterfaceOrientations_iPad = "UIInterfaceOrientationPortrait UIInterfaceOrientationPortraitUpsideDown UIInterfaceOrientationLandscapeLeft UIInterfaceOrientationLandscapeRight";
				INFOPLIST_KEY_UISupportedInterfaceOrientations_iPhone = "UIInterfaceOrientationPortrait UIInterfaceOrientationLandscapeLeft UIInterfaceOrientationLandscapeRight";
				LD_RUNPATH_SEARCH_PATHS = (
					"$(inherited)",
					"@executable_path/Frameworks",
				);
				MARKETING_VERSION = 1.0;
				PRODUCT_BUNDLE_IDENTIFIER = com.sesac.Week3;
				PRODUCT_NAME = "$(TARGET_NAME)";
				SWIFT_EMIT_LOC_STRINGS = YES;
				SWIFT_VERSION = 5.0;
				TARGETED_DEVICE_FAMILY = "1,2";
			};
			name = Debug;
		};
		48DBF0172A77D718008454E4 /* Release */ = {
			isa = XCBuildConfiguration;
			buildSettings = {
				ASSETCATALOG_COMPILER_APPICON_NAME = AppIcon;
				ASSETCATALOG_COMPILER_GLOBAL_ACCENT_COLOR_NAME = AccentColor;
				CODE_SIGN_STYLE = Automatic;
				CURRENT_PROJECT_VERSION = 1;
				DEVELOPMENT_TEAM = A8NKCBCXX2;
				GENERATE_INFOPLIST_FILE = YES;
				INFOPLIST_FILE = Bookworm/Info.plist;
				INFOPLIST_KEY_UIApplicationSupportsIndirectInputEvents = YES;
				INFOPLIST_KEY_UILaunchStoryboardName = LaunchScreen;
				INFOPLIST_KEY_UIMainStoryboardFile = Main;
				INFOPLIST_KEY_UISupportedInterfaceOrientations_iPad = "UIInterfaceOrientationPortrait UIInterfaceOrientationPortraitUpsideDown UIInterfaceOrientationLandscapeLeft UIInterfaceOrientationLandscapeRight";
				INFOPLIST_KEY_UISupportedInterfaceOrientations_iPhone = "UIInterfaceOrientationPortrait UIInterfaceOrientationLandscapeLeft UIInterfaceOrientationLandscapeRight";
				LD_RUNPATH_SEARCH_PATHS = (
					"$(inherited)",
					"@executable_path/Frameworks",
				);
				MARKETING_VERSION = 1.0;
				PRODUCT_BUNDLE_IDENTIFIER = com.sesac.Week3;
				PRODUCT_NAME = "$(TARGET_NAME)";
				SWIFT_EMIT_LOC_STRINGS = YES;
				SWIFT_VERSION = 5.0;
				TARGETED_DEVICE_FAMILY = "1,2";
			};
			name = Release;
		};
/* End XCBuildConfiguration section */

/* Begin XCConfigurationList section */
		48DBEFFC2A77D713008454E4 /* Build configuration list for PBXProject "Bookworm" */ = {
			isa = XCConfigurationList;
			buildConfigurations = (
				48DBF0132A77D718008454E4 /* Debug */,
				48DBF0142A77D718008454E4 /* Release */,
			);
			defaultConfigurationIsVisible = 0;
			defaultConfigurationName = Release;
		};
		48DBF0152A77D718008454E4 /* Build configuration list for PBXNativeTarget "Bookworm" */ = {
			isa = XCConfigurationList;
			buildConfigurations = (
				48DBF0162A77D718008454E4 /* Debug */,
				48DBF0172A77D718008454E4 /* Release */,
			);
			defaultConfigurationIsVisible = 0;
			defaultConfigurationName = Release;
		};
/* End XCConfigurationList section */
	};
	rootObject = 48DBEFF92A77D713008454E4 /* Project object */;
}
